
Microsoft Visual Studio Solution File, Format Version 12.00
# Visual Studio Version 17
VisualStudioVersion = 17.14.36623.8
MinimumVisualStudioVersion = 10.0.40219.1
Project("{2150E333-8FDC-42A3-9474-1A3956D46DE8}") = "Docs", "Docs", "{02EA681E-C7D8-13C7-8484-4AC65E1B71E8}"
EndProject
Project("{2150E333-8FDC-42A3-9474-1A3956D46DE8}") = "Src", "Src", "{E9992618-21B2-4672-AAA4-5D15570B3105}"
EndProject
Project("{2150E333-8FDC-42A3-9474-1A3956D46DE8}") = "Api", "Api", "{97F9108D-4004-45E8-9266-37B1D90A3A14}"
EndProject
Project("{2150E333-8FDC-42A3-9474-1A3956D46DE8}") = "Common", "Common", "{5CD97658-F8D4-421C-B3AA-FBDD15B9ADE2}"
EndProject
Project("{2150E333-8FDC-42A3-9474-1A3956D46DE8}") = "Modules", "Modules", "{4145F302-A6E8-46FE-80C0-7ADC79A36045}"
EndProject
Project("{2150E333-8FDC-42A3-9474-1A3956D46DE8}") = "Tests", "Tests", "{B625FF95-EB78-4209-A0B0-8BAAB26CBDD7}"
EndProject
Project("{2150E333-8FDC-42A3-9474-1A3956D46DE8}") = "Identity", "Identity", "{D20975D2-604E-4187-A7BC-3C28A0F04E25}"
EndProject
Project("{2150E333-8FDC-42A3-9474-1A3956D46DE8}") = "Matches", "Matches", "{952CF427-488B-4C9B-A112-97358A8AB4EA}"
EndProject
Project("{2150E333-8FDC-42A3-9474-1A3956D46DE8}") = "Events", "Events", "{830D849C-8DCD-4C96-84DC-73A90C19380E}"
EndProject
Project("{2150E333-8FDC-42A3-9474-1A3956D46DE8}") = "Votes", "Votes", "{994C3DA3-BD8D-4F0C-8714-4C0FFF40773C}"
EndProject
Project("{FAE04EC0-301F-11D3-BF4B-00C04F79EFBC}") = "Sport.Api", "Src\Api\Sport.Api\Sport.Api.csproj", "{4D821BA9-DF87-466D-A18A-1DF40D1F3567}"
EndProject
Project("{FAE04EC0-301F-11D3-BF4B-00C04F79EFBC}") = "Common", "Src\Common\Common\Common.csproj", "{2E467711-09F6-41C7-B51F-7FEFC5721F61}"
EndProject
Project("{FAE04EC0-301F-11D3-BF4B-00C04F79EFBC}") = "Events", "Src\Modules\Events\Events\Events.csproj", "{DBF4B48E-6C13-400A-B8C6-5981FBA3CE92}"
EndProject
Project("{FAE04EC0-301F-11D3-BF4B-00C04F79EFBC}") = "Identity", "Src\Modules\Identity\Identity\Identity.csproj", "{90192824-9B30-4F53-A120-E5CBD6EA28DB}"
EndProject
Project("{FAE04EC0-301F-11D3-BF4B-00C04F79EFBC}") = "Matches", "Src\Modules\Match\Matches\Matches.csproj", "{5FFA48CE-A225-415A-ABFE-5F6A67283E30}"
EndProject
Project("{FAE04EC0-301F-11D3-BF4B-00C04F79EFBC}") = "Votes", "Src\Modules\Votes\Votes\Votes.csproj", "{33E47E4E-D4E9-479F-9E3F-A71F78CFE1A7}"
EndProject
Global
	GlobalSection(SolutionConfigurationPlatforms) = preSolution
		Debug|Any CPU = Debug|Any CPU
		Release|Any CPU = Release|Any CPU
	EndGlobalSection
	GlobalSection(ProjectConfigurationPlatforms) = postSolution
		{4D821BA9-DF87-466D-A18A-1DF40D1F3567}.Debug|Any CPU.ActiveCfg = Debug|Any CPU
		{4D821BA9-DF87-466D-A18A-1DF40D1F3567}.Debug|Any CPU.Build.0 = Debug|Any CPU
		{4D821BA9-DF87-466D-A18A-1DF40D1F3567}.Release|Any CPU.ActiveCfg = Release|Any CPU
		{4D821BA9-DF87-466D-A18A-1DF40D1F3567}.Release|Any CPU.Build.0 = Release|Any CPU
		{2E467711-09F6-41C7-B51F-7FEFC5721F61}.Debug|Any CPU.ActiveCfg = Debug|Any CPU
		{2E467711-09F6-41C7-B51F-7FEFC5721F61}.Debug|Any CPU.Build.0 = Debug|Any CPU
		{2E467711-09F6-41C7-B51F-7FEFC5721F61}.Release|Any CPU.ActiveCfg = Release|Any CPU
		{2E467711-09F6-41C7-B51F-7FEFC5721F61}.Release|Any CPU.Build.0 = Release|Any CPU
		{DBF4B48E-6C13-400A-B8C6-5981FBA3CE92}.Debug|Any CPU.ActiveCfg = Debug|Any CPU
		{DBF4B48E-6C13-400A-B8C6-5981FBA3CE92}.Debug|Any CPU.Build.0 = Debug|Any CPU
		{DBF4B48E-6C13-400A-B8C6-5981FBA3CE92}.Release|Any CPU.ActiveCfg = Release|Any CPU
		{DBF4B48E-6C13-400A-B8C6-5981FBA3CE92}.Release|Any CPU.Build.0 = Release|Any CPU
		{90192824-9B30-4F53-A120-E5CBD6EA28DB}.Debug|Any CPU.ActiveCfg = Debug|Any CPU
		{90192824-9B30-4F53-A120-E5CBD6EA28DB}.Debug|Any CPU.Build.0 = Debug|Any CPU
		{90192824-9B30-4F53-A120-E5CBD6EA28DB}.Release|Any CPU.ActiveCfg = Release|Any CPU
		{90192824-9B30-4F53-A120-E5CBD6EA28DB}.Release|Any CPU.Build.0 = Release|Any CPU
		{5FFA48CE-A225-415A-ABFE-5F6A67283E30}.Debug|Any CPU.ActiveCfg = Debug|Any CPU
		{5FFA48CE-A225-415A-ABFE-5F6A67283E30}.Debug|Any CPU.Build.0 = Debug|Any CPU
		{5FFA48CE-A225-415A-ABFE-5F6A67283E30}.Release|Any CPU.ActiveCfg = Release|Any CPU
		{5FFA48CE-A225-415A-ABFE-5F6A67283E30}.Release|Any CPU.Build.0 = Release|Any CPU
		{33E47E4E-D4E9-479F-9E3F-A71F78CFE1A7}.Debug|Any CPU.ActiveCfg = Debug|Any CPU
		{33E47E4E-D4E9-479F-9E3F-A71F78CFE1A7}.Debug|Any CPU.Build.0 = Debug|Any CPU
		{33E47E4E-D4E9-479F-9E3F-A71F78CFE1A7}.Release|Any CPU.ActiveCfg = Release|Any CPU
		{33E47E4E-D4E9-479F-9E3F-A71F78CFE1A7}.Release|Any CPU.Build.0 = Release|Any CPU
	EndGlobalSection
	GlobalSection(SolutionProperties) = preSolution
		HideSolutionNode = FALSE
	EndGlobalSection
	GlobalSection(NestedProjects) = preSolution
		{97F9108D-4004-45E8-9266-37B1D90A3A14} = {E9992618-21B2-4672-AAA4-5D15570B3105}
		{5CD97658-F8D4-421C-B3AA-FBDD15B9ADE2} = {E9992618-21B2-4672-AAA4-5D15570B3105}
		{4145F302-A6E8-46FE-80C0-7ADC79A36045} = {E9992618-21B2-4672-AAA4-5D15570B3105}
		{B625FF95-EB78-4209-A0B0-8BAAB26CBDD7} = {E9992618-21B2-4672-AAA4-5D15570B3105}
		{D20975D2-604E-4187-A7BC-3C28A0F04E25} = {4145F302-A6E8-46FE-80C0-7ADC79A36045}
		{952CF427-488B-4C9B-A112-97358A8AB4EA} = {4145F302-A6E8-46FE-80C0-7ADC79A36045}
		{830D849C-8DCD-4C96-84DC-73A90C19380E} = {4145F302-A6E8-46FE-80C0-7ADC79A36045}
		{994C3DA3-BD8D-4F0C-8714-4C0FFF40773C} = {4145F302-A6E8-46FE-80C0-7ADC79A36045}
		{4D821BA9-DF87-466D-A18A-1DF40D1F3567} = {97F9108D-4004-45E8-9266-37B1D90A3A14}
		{2E467711-09F6-41C7-B51F-7FEFC5721F61} = {5CD97658-F8D4-421C-B3AA-FBDD15B9ADE2}
		{DBF4B48E-6C13-400A-B8C6-5981FBA3CE92} = {830D849C-8DCD-4C96-84DC-73A90C19380E}
		{90192824-9B30-4F53-A120-E5CBD6EA28DB} = {D20975D2-604E-4187-A7BC-3C28A0F04E25}
		{5FFA48CE-A225-415A-ABFE-5F6A67283E30} = {952CF427-488B-4C9B-A112-97358A8AB4EA}
		{33E47E4E-D4E9-479F-9E3F-A71F78CFE1A7} = {994C3DA3-BD8D-4F0C-8714-4C0FFF40773C}
	EndGlobalSection
	GlobalSection(ExtensibilityGlobals) = postSolution
		SolutionGuid = {DA65BE2B-7FB8-4E1C-A70D-C25D8DD2E67B}
	EndGlobalSection
EndGlobal
